
Microsoft Visual Studio Solution File, Format Version 12.00
# Visual Studio 15
VisualStudioVersion = 15.0.28307.329
MinimumVisualStudioVersion = 10.0.40219.1
Project("{FAE04EC0-301F-11D3-BF4B-00C04F79EFBC}") = "Task 2", "Task 2\Task 2.csproj", "{7512E0E5-ED68-4959-83A8-A2CCD0A15FF5}"
EndProject
Global
	GlobalSection(SolutionConfigurationPlatforms) = preSolution
		Debug|Any CPU = Debug|Any CPU
		Release|Any CPU = Release|Any CPU
	EndGlobalSection
	GlobalSection(ProjectConfigurationPlatforms) = postSolution
		{7512E0E5-ED68-4959-83A8-A2CCD0A15FF5}.Debug|Any CPU.ActiveCfg = Debug|Any CPU
		{7512E0E5-ED68-4959-83A8-A2CCD0A15FF5}.Debug|Any CPU.Build.0 = Debug|Any CPU
		{7512E0E5-ED68-4959-83A8-A2CCD0A15FF5}.Release|Any CPU.ActiveCfg = Release|Any CPU
		{7512E0E5-ED68-4959-83A8-A2CCD0A15FF5}.Release|Any CPU.Build.0 = Release|Any CPU
	EndGlobalSection
	GlobalSection(SolutionProperties) = preSolution
		HideSolutionNode = FALSE
	EndGlobalSection
	GlobalSection(ExtensibilityGlobals) = postSolution
		SolutionGuid = {0236F04E-DB2D-4127-A14A-54A413EC0ACB}
	EndGlobalSection
EndGlobal
