
Microsoft Visual Studio Solution File, Format Version 12.00
# Visual Studio 15
VisualStudioVersion = 15.0.28307.329
MinimumVisualStudioVersion = 10.0.40219.1
Project("{FAE04EC0-301F-11D3-BF4B-00C04F79EFBC}") = "Task 1", "Task 1\Task 1.csproj", "{DED3F2DF-3FFF-415A-9221-FD61863AC027}"
EndProject
Global
	GlobalSection(SolutionConfigurationPlatforms) = preSolution
		Debug|Any CPU = Debug|Any CPU
		Release|Any CPU = Release|Any CPU
	EndGlobalSection
	GlobalSection(ProjectConfigurationPlatforms) = postSolution
		{DED3F2DF-3FFF-415A-9221-FD61863AC027}.Debug|Any CPU.ActiveCfg = Debug|Any CPU
		{DED3F2DF-3FFF-415A-9221-FD61863AC027}.Debug|Any CPU.Build.0 = Debug|Any CPU
		{DED3F2DF-3FFF-415A-9221-FD61863AC027}.Release|Any CPU.ActiveCfg = Release|Any CPU
		{DED3F2DF-3FFF-415A-9221-FD61863AC027}.Release|Any CPU.Build.0 = Release|Any CPU
	EndGlobalSection
	GlobalSection(SolutionProperties) = preSolution
		HideSolutionNode = FALSE
	EndGlobalSection
	GlobalSection(ExtensibilityGlobals) = postSolution
		SolutionGuid = {03304CBD-3891-4A9E-A1E4-871730062BA0}
	EndGlobalSection
EndGlobal
