
Microsoft Visual Studio Solution File, Format Version 12.00
# Visual Studio 15
VisualStudioVersion = 15.0.28307.329
MinimumVisualStudioVersion = 10.0.40219.1
Project("{FAE04EC0-301F-11D3-BF4B-00C04F79EFBC}") = "Task 3", "Task 3\Task 3.csproj", "{87C39FC9-76DA-4FFE-8AFA-874B5643C295}"
EndProject
Global
	GlobalSection(SolutionConfigurationPlatforms) = preSolution
		Debug|Any CPU = Debug|Any CPU
		Release|Any CPU = Release|Any CPU
	EndGlobalSection
	GlobalSection(ProjectConfigurationPlatforms) = postSolution
		{87C39FC9-76DA-4FFE-8AFA-874B5643C295}.Debug|Any CPU.ActiveCfg = Debug|Any CPU
		{87C39FC9-76DA-4FFE-8AFA-874B5643C295}.Debug|Any CPU.Build.0 = Debug|Any CPU
		{87C39FC9-76DA-4FFE-8AFA-874B5643C295}.Release|Any CPU.ActiveCfg = Release|Any CPU
		{87C39FC9-76DA-4FFE-8AFA-874B5643C295}.Release|Any CPU.Build.0 = Release|Any CPU
	EndGlobalSection
	GlobalSection(SolutionProperties) = preSolution
		HideSolutionNode = FALSE
	EndGlobalSection
	GlobalSection(ExtensibilityGlobals) = postSolution
		SolutionGuid = {DF4E49C5-5DFB-458B-B80C-999B5C888093}
	EndGlobalSection
EndGlobal
